// !$*UTF8*$!
{
	archiveVersion = 1;
	classes = {
	};
	objectVersion = 46;
	objects = {

/* Begin PBXBuildFile section */
		2E41433D13415E4900C640B9 /* libzajal.a in Frameworks */ = {isa = PBXBuildFile; fileRef = 2E41433C13415E4900C640B9 /* libzajal.a */; };
		2E8ADB6D133F8C2000B3BA55 /* InfoPlist.strings in Resources */ = {isa = PBXBuildFile; fileRef = 2E8ADB6B133F8C2000B3BA55 /* InfoPlist.strings */; };
		2E8ADB70133F8C2000B3BA55 /* main.mm in Sources */ = {isa = PBXBuildFile; fileRef = 2E8ADB6F133F8C2000B3BA55 /* main.mm */; };
		2E8ADB73133F8C2000B3BA55 /* Credits.rtf in Resources */ = {isa = PBXBuildFile; fileRef = 2E8ADB71133F8C2000B3BA55 /* Credits.rtf */; };
		2E8ADB76133F8C2000B3BA55 /* ZajalAppDelegate.mm in Sources */ = {isa = PBXBuildFile; fileRef = 2E8ADB75133F8C2000B3BA55 /* ZajalAppDelegate.mm */; };
		2E8ADB79133F8C2000B3BA55 /* MainMenu.xib in Resources */ = {isa = PBXBuildFile; fileRef = 2E8ADB77133F8C2000B3BA55 /* MainMenu.xib */; };
		2E8AE45313400A7A00B3BA55 /* Cocoa.framework in Frameworks */ = {isa = PBXBuildFile; fileRef = 2E8AE45213400A7A00B3BA55 /* Cocoa.framework */; };
		2E8AE45513400A8A00B3BA55 /* OpenGL.framework in Frameworks */ = {isa = PBXBuildFile; fileRef = 2E8AE45413400A8A00B3BA55 /* OpenGL.framework */; };
		2E8AE45913400A9400B3BA55 /* CoreAudio.framework in Frameworks */ = {isa = PBXBuildFile; fileRef = 2E8AE45813400A9400B3BA55 /* CoreAudio.framework */; };
		2E8AE45B13400AA000B3BA55 /* QuickTime.framework in Frameworks */ = {isa = PBXBuildFile; fileRef = 2E8AE45A13400AA000B3BA55 /* QuickTime.framework */; };
		2E8AE45D13400AA600B3BA55 /* Carbon.framework in Frameworks */ = {isa = PBXBuildFile; fileRef = 2E8AE45C13400AA600B3BA55 /* Carbon.framework */; };
		2EB44B621340D43B00C3D22C /* GLUT.framework in Frameworks */ = {isa = PBXBuildFile; fileRef = 2EB44B611340D43A00C3D22C /* GLUT.framework */; };
		2EC5D6971341503E006D6A7B /* AppDelegate.mm in Sources */ = {isa = PBXBuildFile; fileRef = 2EC5D68D1341503E006D6A7B /* AppDelegate.mm */; };
		2EC5D6981341503E006D6A7B /* AppWindow.mm in Sources */ = {isa = PBXBuildFile; fileRef = 2EC5D68F1341503E006D6A7B /* AppWindow.mm */; };
		2EC5D6991341503E006D6A7B /* GLView.mm in Sources */ = {isa = PBXBuildFile; fileRef = 2EC5D6921341503E006D6A7B /* GLView.mm */; };
		2EC5D69A1341503E006D6A7B /* GLWindow.mm in Sources */ = {isa = PBXBuildFile; fileRef = 2EC5D6941341503E006D6A7B /* GLWindow.mm */; };
		2EC5D69B1341503E006D6A7B /* ofxCocoa.mm in Sources */ = {isa = PBXBuildFile; fileRef = 2EC5D6961341503E006D6A7B /* ofxCocoa.mm */; };
		2EC5D69E1341505A006D6A7B /* NoWindow.xib in Resources */ = {isa = PBXBuildFile; fileRef = 2EC5D69C1341505A006D6A7B /* NoWindow.xib */; };
		2EC5D69F1341505A006D6A7B /* WithWindow.xib in Resources */ = {isa = PBXBuildFile; fileRef = 2EC5D69D1341505A006D6A7B /* WithWindow.xib */; };
		2EC5D6A11341530F006D6A7B /* CoreVideo.framework in Frameworks */ = {isa = PBXBuildFile; fileRef = 2EC5D6A01341530F006D6A7B /* CoreVideo.framework */; };
/* End PBXBuildFile section */

/* Begin PBXFileReference section */
		2E41433C13415E4900C640B9 /* libzajal.a */ = {isa = PBXFileReference; lastKnownFileType = archive.ar; name = libzajal.a; path = ../../bin/libzajal.a; sourceTree = "<group>"; };
		2E8ADB5E133F8C2000B3BA55 /* Zajal.app */ = {isa = PBXFileReference; explicitFileType = wrapper.application; includeInIndex = 0; path = Zajal.app; sourceTree = BUILT_PRODUCTS_DIR; };
		2E8ADB65133F8C2000B3BA55 /* AppKit.framework */ = {isa = PBXFileReference; lastKnownFileType = wrapper.framework; name = AppKit.framework; path = System/Library/Frameworks/AppKit.framework; sourceTree = SDKROOT; };
		2E8ADB66133F8C2000B3BA55 /* CoreData.framework */ = {isa = PBXFileReference; lastKnownFileType = wrapper.framework; name = CoreData.framework; path = System/Library/Frameworks/CoreData.framework; sourceTree = SDKROOT; };
		2E8ADB67133F8C2000B3BA55 /* Foundation.framework */ = {isa = PBXFileReference; lastKnownFileType = wrapper.framework; name = Foundation.framework; path = System/Library/Frameworks/Foundation.framework; sourceTree = SDKROOT; };
		2E8ADB6A133F8C2000B3BA55 /* Zajal-Info.plist */ = {isa = PBXFileReference; lastKnownFileType = text.plist.xml; path = "Zajal-Info.plist"; sourceTree = "<group>"; };
		2E8ADB6C133F8C2000B3BA55 /* en */ = {isa = PBXFileReference; lastKnownFileType = text.plist.strings; name = en; path = en.lproj/InfoPlist.strings; sourceTree = "<group>"; };
		2E8ADB6E133F8C2000B3BA55 /* Zajal-Prefix.pch */ = {isa = PBXFileReference; lastKnownFileType = sourcecode.c.h; path = "Zajal-Prefix.pch"; sourceTree = "<group>"; };
		2E8ADB6F133F8C2000B3BA55 /* main.mm */ = {isa = PBXFileReference; lastKnownFileType = sourcecode.cpp.objcpp; path = main.mm; sourceTree = "<group>"; };
		2E8ADB72133F8C2000B3BA55 /* en */ = {isa = PBXFileReference; lastKnownFileType = text.rtf; name = en; path = en.lproj/Credits.rtf; sourceTree = "<group>"; };
		2E8ADB74133F8C2000B3BA55 /* ZajalAppDelegate.h */ = {isa = PBXFileReference; lastKnownFileType = sourcecode.c.h; name = ZajalAppDelegate.h; path = Zajal/ZajalAppDelegate.h; sourceTree = "<group>"; };
		2E8ADB75133F8C2000B3BA55 /* ZajalAppDelegate.mm */ = {isa = PBXFileReference; lastKnownFileType = sourcecode.cpp.objcpp; name = ZajalAppDelegate.mm; path = Zajal/ZajalAppDelegate.mm; sourceTree = "<group>"; };
		2E8ADB78133F8C2000B3BA55 /* en */ = {isa = PBXFileReference; lastKnownFileType = file.xib; name = en; path = en.lproj/MainMenu.xib; sourceTree = "<group>"; };
		2E8AE45213400A7A00B3BA55 /* Cocoa.framework */ = {isa = PBXFileReference; lastKnownFileType = wrapper.framework; name = Cocoa.framework; path = System/Library/Frameworks/Cocoa.framework; sourceTree = SDKROOT; };
		2E8AE45413400A8A00B3BA55 /* OpenGL.framework */ = {isa = PBXFileReference; lastKnownFileType = wrapper.framework; name = OpenGL.framework; path = System/Library/Frameworks/OpenGL.framework; sourceTree = SDKROOT; };
		2E8AE45813400A9400B3BA55 /* CoreAudio.framework */ = {isa = PBXFileReference; lastKnownFileType = wrapper.framework; name = CoreAudio.framework; path = System/Library/Frameworks/CoreAudio.framework; sourceTree = SDKROOT; };
		2E8AE45A13400AA000B3BA55 /* QuickTime.framework */ = {isa = PBXFileReference; lastKnownFileType = wrapper.framework; name = QuickTime.framework; path = System/Library/Frameworks/QuickTime.framework; sourceTree = SDKROOT; };
		2E8AE45C13400AA600B3BA55 /* Carbon.framework */ = {isa = PBXFileReference; lastKnownFileType = wrapper.framework; name = Carbon.framework; path = System/Library/Frameworks/Carbon.framework; sourceTree = SDKROOT; };
		2EB44B611340D43A00C3D22C /* GLUT.framework */ = {isa = PBXFileReference; lastKnownFileType = wrapper.framework; name = GLUT.framework; path = System/Library/Frameworks/GLUT.framework; sourceTree = SDKROOT; };
		2EC5D68C1341503E006D6A7B /* AppDelegate.h */ = {isa = PBXFileReference; fileEncoding = 4; lastKnownFileType = sourcecode.c.h; path = AppDelegate.h; sourceTree = "<group>"; };
		2EC5D68D1341503E006D6A7B /* AppDelegate.mm */ = {isa = PBXFileReference; fileEncoding = 4; lastKnownFileType = sourcecode.cpp.objcpp; path = AppDelegate.mm; sourceTree = "<group>"; };
		2EC5D68E1341503E006D6A7B /* AppWindow.h */ = {isa = PBXFileReference; fileEncoding = 4; lastKnownFileType = sourcecode.c.h; path = AppWindow.h; sourceTree = "<group>"; };
		2EC5D68F1341503E006D6A7B /* AppWindow.mm */ = {isa = PBXFileReference; fileEncoding = 4; lastKnownFileType = sourcecode.cpp.objcpp; path = AppWindow.mm; sourceTree = "<group>"; };
		2EC5D6901341503E006D6A7B /* CocoaInitSettings.h */ = {isa = PBXFileReference; fileEncoding = 4; lastKnownFileType = sourcecode.c.h; path = CocoaInitSettings.h; sourceTree = "<group>"; };
		2EC5D6911341503E006D6A7B /* GLView.h */ = {isa = PBXFileReference; fileEncoding = 4; lastKnownFileType = sourcecode.c.h; path = GLView.h; sourceTree = "<group>"; };
		2EC5D6921341503E006D6A7B /* GLView.mm */ = {isa = PBXFileReference; fileEncoding = 4; lastKnownFileType = sourcecode.cpp.objcpp; path = GLView.mm; sourceTree = "<group>"; };
		2EC5D6931341503E006D6A7B /* GLWindow.h */ = {isa = PBXFileReference; fileEncoding = 4; lastKnownFileType = sourcecode.c.h; path = GLWindow.h; sourceTree = "<group>"; };
		2EC5D6941341503E006D6A7B /* GLWindow.mm */ = {isa = PBXFileReference; fileEncoding = 4; lastKnownFileType = sourcecode.cpp.objcpp; path = GLWindow.mm; sourceTree = "<group>"; };
		2EC5D6951341503E006D6A7B /* ofxCocoa.h */ = {isa = PBXFileReference; fileEncoding = 4; lastKnownFileType = sourcecode.c.h; path = ofxCocoa.h; sourceTree = "<group>"; };
		2EC5D6961341503E006D6A7B /* ofxCocoa.mm */ = {isa = PBXFileReference; fileEncoding = 4; lastKnownFileType = sourcecode.cpp.objcpp; path = ofxCocoa.mm; sourceTree = "<group>"; };
		2EC5D69C1341505A006D6A7B /* NoWindow.xib */ = {isa = PBXFileReference; fileEncoding = 4; lastKnownFileType = file.xib; path = NoWindow.xib; sourceTree = "<group>"; };
		2EC5D69D1341505A006D6A7B /* WithWindow.xib */ = {isa = PBXFileReference; fileEncoding = 4; lastKnownFileType = file.xib; path = WithWindow.xib; sourceTree = "<group>"; };
		2EC5D6A01341530F006D6A7B /* CoreVideo.framework */ = {isa = PBXFileReference; lastKnownFileType = wrapper.framework; name = CoreVideo.framework; path = System/Library/Frameworks/CoreVideo.framework; sourceTree = SDKROOT; };
/* End PBXFileReference section */

/* Begin PBXFrameworksBuildPhase section */
		2E8ADB5B133F8C2000B3BA55 /* Frameworks */ = {
			isa = PBXFrameworksBuildPhase;
			buildActionMask = 2147483647;
			files = (
				2EC5D6A11341530F006D6A7B /* CoreVideo.framework in Frameworks */,
				2EB44B621340D43B00C3D22C /* GLUT.framework in Frameworks */,
				2E8AE45D13400AA600B3BA55 /* Carbon.framework in Frameworks */,
				2E8AE45B13400AA000B3BA55 /* QuickTime.framework in Frameworks */,
				2E8AE45913400A9400B3BA55 /* CoreAudio.framework in Frameworks */,
				2E8AE45513400A8A00B3BA55 /* OpenGL.framework in Frameworks */,
				2E8AE45313400A7A00B3BA55 /* Cocoa.framework in Frameworks */,
				2E41433D13415E4900C640B9 /* libzajal.a in Frameworks */,
			);
			runOnlyForDeploymentPostprocessing = 0;
		};
/* End PBXFrameworksBuildPhase section */

/* Begin PBXGroup section */
		2E8ADB53133F8C2000B3BA55 = {
			isa = PBXGroup;
			children = (
				2EB44B561340CD9600C3D22C /* ofxCocoa */,
				2E8ADFF8133F97F600B3BA55 /* Libraries */,
				2E8ADB74133F8C2000B3BA55 /* ZajalAppDelegate.h */,
				2E8ADB75133F8C2000B3BA55 /* ZajalAppDelegate.mm */,
				2E8ADB77133F8C2000B3BA55 /* MainMenu.xib */,
				2E8ADB69133F8C2000B3BA55 /* Supporting Files */,
				2E8ADB61133F8C2000B3BA55 /* Frameworks */,
				2E8ADB5F133F8C2000B3BA55 /* Products */,
			);
			sourceTree = "<group>";
		};
		2E8ADB5F133F8C2000B3BA55 /* Products */ = {
			isa = PBXGroup;
			children = (
				2E8ADB5E133F8C2000B3BA55 /* Zajal.app */,
			);
			name = Products;
			sourceTree = "<group>";
		};
		2E8ADB61133F8C2000B3BA55 /* Frameworks */ = {
			isa = PBXGroup;
			children = (
				2EC5D6A01341530F006D6A7B /* CoreVideo.framework */,
				2EB44B611340D43A00C3D22C /* GLUT.framework */,
				2E8AE45C13400AA600B3BA55 /* Carbon.framework */,
				2E8AE45A13400AA000B3BA55 /* QuickTime.framework */,
				2E8AE45813400A9400B3BA55 /* CoreAudio.framework */,
				2E8AE45413400A8A00B3BA55 /* OpenGL.framework */,
				2E8AE45213400A7A00B3BA55 /* Cocoa.framework */,
				2E8ADB64133F8C2000B3BA55 /* Other Frameworks */,
			);
			name = Frameworks;
			sourceTree = "<group>";
		};
		2E8ADB64133F8C2000B3BA55 /* Other Frameworks */ = {
			isa = PBXGroup;
			children = (
				2E8ADB65133F8C2000B3BA55 /* AppKit.framework */,
				2E8ADB66133F8C2000B3BA55 /* CoreData.framework */,
				2E8ADB67133F8C2000B3BA55 /* Foundation.framework */,
			);
			name = "Other Frameworks";
			sourceTree = "<group>";
		};
		2E8ADB69133F8C2000B3BA55 /* Supporting Files */ = {
			isa = PBXGroup;
			children = (
				2E8ADB6A133F8C2000B3BA55 /* Zajal-Info.plist */,
				2E8ADB6B133F8C2000B3BA55 /* InfoPlist.strings */,
				2E8ADB6E133F8C2000B3BA55 /* Zajal-Prefix.pch */,
				2E8ADB6F133F8C2000B3BA55 /* main.mm */,
				2E8ADB71133F8C2000B3BA55 /* Credits.rtf */,
			);
			name = "Supporting Files";
			path = Zajal;
			sourceTree = "<group>";
		};
		2E8ADFF8133F97F600B3BA55 /* Libraries */ = {
			isa = PBXGroup;
			children = (
				2E41433C13415E4900C640B9 /* libzajal.a */,
			);
			name = Libraries;
			sourceTree = "<group>";
		};
		2EB44B561340CD9600C3D22C /* ofxCocoa */ = {
			isa = PBXGroup;
			children = (
				2EC5D69C1341505A006D6A7B /* NoWindow.xib */,
				2EC5D69D1341505A006D6A7B /* WithWindow.xib */,
				2EC5D68C1341503E006D6A7B /* AppDelegate.h */,
				2EC5D68D1341503E006D6A7B /* AppDelegate.mm */,
				2EC5D68E1341503E006D6A7B /* AppWindow.h */,
				2EC5D68F1341503E006D6A7B /* AppWindow.mm */,
				2EC5D6901341503E006D6A7B /* CocoaInitSettings.h */,
				2EC5D6911341503E006D6A7B /* GLView.h */,
				2EC5D6921341503E006D6A7B /* GLView.mm */,
				2EC5D6931341503E006D6A7B /* GLWindow.h */,
				2EC5D6941341503E006D6A7B /* GLWindow.mm */,
				2EC5D6951341503E006D6A7B /* ofxCocoa.h */,
				2EC5D6961341503E006D6A7B /* ofxCocoa.mm */,
			);
			name = ofxCocoa;
			sourceTree = "<group>";
		};
/* End PBXGroup section */

/* Begin PBXNativeTarget section */
		2E8ADB5D133F8C2000B3BA55 /* Zajal */ = {
			isa = PBXNativeTarget;
			buildConfigurationList = 2E8ADB7C133F8C2000B3BA55 /* Build configuration list for PBXNativeTarget "Zajal" */;
			buildPhases = (
				2E8ADB5A133F8C2000B3BA55 /* Sources */,
				2E8ADB5B133F8C2000B3BA55 /* Frameworks */,
				2E8ADB5C133F8C2000B3BA55 /* Resources */,
			);
			buildRules = (
			);
			dependencies = (
			);
			name = Zajal;
			productName = Zajal;
			productReference = 2E8ADB5E133F8C2000B3BA55 /* Zajal.app */;
			productType = "com.apple.product-type.application";
		};
/* End PBXNativeTarget section */

/* Begin PBXProject section */
		2E8ADB55133F8C2000B3BA55 /* Project object */ = {
			isa = PBXProject;
			attributes = {
				ORGANIZATIONNAME = "Parsons The New School for Design";
			};
			buildConfigurationList = 2E8ADB58133F8C2000B3BA55 /* Build configuration list for PBXProject "Zajal" */;
			compatibilityVersion = "Xcode 3.2";
			developmentRegion = English;
			hasScannedForEncodings = 0;
			knownRegions = (
				en,
			);
			mainGroup = 2E8ADB53133F8C2000B3BA55;
			productRefGroup = 2E8ADB5F133F8C2000B3BA55 /* Products */;
			projectDirPath = "";
			projectRoot = "";
			targets = (
				2E8ADB5D133F8C2000B3BA55 /* Zajal */,
			);
		};
/* End PBXProject section */

/* Begin PBXResourcesBuildPhase section */
		2E8ADB5C133F8C2000B3BA55 /* Resources */ = {
			isa = PBXResourcesBuildPhase;
			buildActionMask = 2147483647;
			files = (
				2E8ADB6D133F8C2000B3BA55 /* InfoPlist.strings in Resources */,
				2E8ADB73133F8C2000B3BA55 /* Credits.rtf in Resources */,
				2E8ADB79133F8C2000B3BA55 /* MainMenu.xib in Resources */,
				2EC5D69E1341505A006D6A7B /* NoWindow.xib in Resources */,
				2EC5D69F1341505A006D6A7B /* WithWindow.xib in Resources */,
			);
			runOnlyForDeploymentPostprocessing = 0;
		};
/* End PBXResourcesBuildPhase section */

/* Begin PBXSourcesBuildPhase section */
		2E8ADB5A133F8C2000B3BA55 /* Sources */ = {
			isa = PBXSourcesBuildPhase;
			buildActionMask = 2147483647;
			files = (
				2E8ADB70133F8C2000B3BA55 /* main.mm in Sources */,
				2E8ADB76133F8C2000B3BA55 /* ZajalAppDelegate.mm in Sources */,
				2EC5D6971341503E006D6A7B /* AppDelegate.mm in Sources */,
				2EC5D6981341503E006D6A7B /* AppWindow.mm in Sources */,
				2EC5D6991341503E006D6A7B /* GLView.mm in Sources */,
				2EC5D69A1341503E006D6A7B /* GLWindow.mm in Sources */,
				2EC5D69B1341503E006D6A7B /* ofxCocoa.mm in Sources */,
			);
			runOnlyForDeploymentPostprocessing = 0;
		};
/* End PBXSourcesBuildPhase section */

/* Begin PBXVariantGroup section */
		2E8ADB6B133F8C2000B3BA55 /* InfoPlist.strings */ = {
			isa = PBXVariantGroup;
			children = (
				2E8ADB6C133F8C2000B3BA55 /* en */,
			);
			name = InfoPlist.strings;
			sourceTree = "<group>";
		};
		2E8ADB71133F8C2000B3BA55 /* Credits.rtf */ = {
			isa = PBXVariantGroup;
			children = (
				2E8ADB72133F8C2000B3BA55 /* en */,
			);
			name = Credits.rtf;
			sourceTree = "<group>";
		};
		2E8ADB77133F8C2000B3BA55 /* MainMenu.xib */ = {
			isa = PBXVariantGroup;
			children = (
				2E8ADB78133F8C2000B3BA55 /* en */,
			);
			name = MainMenu.xib;
			path = Zajal;
			sourceTree = "<group>";
		};
/* End PBXVariantGroup section */

/* Begin XCBuildConfiguration section */
		2E8ADB7A133F8C2000B3BA55 /* Debug */ = {
			isa = XCBuildConfiguration;
			buildSettings = {
				ARCHS = "$(ARCHS_STANDARD_32_64_BIT)";
				GCC_C_LANGUAGE_STANDARD = gnu99;
				GCC_OPTIMIZATION_LEVEL = 0;
				GCC_PREPROCESSOR_DEFINITIONS = DEBUG;
				GCC_SYMBOLS_PRIVATE_EXTERN = NO;
				GCC_VERSION = com.apple.compilers.llvm.clang.1_0;
				GCC_WARN_64_TO_32_BIT_CONVERSION = YES;
				GCC_WARN_ABOUT_RETURN_TYPE = YES;
				GCC_WARN_UNUSED_VARIABLE = YES;
				MACOSX_DEPLOYMENT_TARGET = 10.6;
				ONLY_ACTIVE_ARCH = YES;
				SDKROOT = macosx;
			};
			name = Debug;
		};
		2E8ADB7B133F8C2000B3BA55 /* Release */ = {
			isa = XCBuildConfiguration;
			buildSettings = {
				ARCHS = "$(ARCHS_STANDARD_32_64_BIT)";
				GCC_C_LANGUAGE_STANDARD = gnu99;
				GCC_VERSION = com.apple.compilers.llvm.clang.1_0;
				GCC_WARN_64_TO_32_BIT_CONVERSION = YES;
				GCC_WARN_ABOUT_RETURN_TYPE = YES;
				GCC_WARN_UNUSED_VARIABLE = YES;
				MACOSX_DEPLOYMENT_TARGET = 10.6;
				SDKROOT = macosx;
			};
			name = Release;
		};
		2E8ADB7D133F8C2000B3BA55 /* Debug */ = {
			isa = XCBuildConfiguration;
			buildSettings = {
				ALWAYS_SEARCH_USER_PATHS = NO;
				ARCHS = "$(ARCHS_STANDARD_32_BIT)";
				COPY_PHASE_STRIP = NO;
				EXCLUDED_RECURSIVE_SEARCH_PATH_SUBDIRECTORIES = "*.nib *.lproj *.framework *.gch (*) CVS .svn .git *.xcodeproj *.xcode *.pbproj *.pbxproj Poco quicktime GL";
				GCC_DYNAMIC_NO_PIC = NO;
				GCC_ENABLE_OBJC_EXCEPTIONS = YES;
				GCC_PRECOMPILE_PREFIX_HEADER = YES;
				GCC_PREFIX_HEADER = "Zajal/Zajal-Prefix.pch";
				GCC_VERSION = com.apple.compilers.llvmgcc42;
				HEADER_SEARCH_PATHS = (
					"../../lib/openframeworks/**",
					"../../lib/ruby/**",
					"../../src/**",
				);
				INFOPLIST_FILE = "Zajal/Zajal-Info.plist";
				LIBRARY_SEARCH_PATHS = (
					"$(inherited)",
					"\"$(SRCROOT)/../../bin\"",
					"\"$(SRCROOT)/../../lib/openframeworks/include/glew/include\"",
					"\"$(SRCROOT)/../../lib/ruby\"",
					"\"$(SRCROOT)/../../lib/openframeworks\"",
				);
				OTHER_CFLAGS = (
					"-DHAVE_STRUCT_TIMESPEC",
					"-DHAVE_STRUCT_TIMEZONE",
					"-DHAVE_SIGNBIT",
					"-DGLEW_STATIC",
				);
				PRODUCT_NAME = "$(TARGET_NAME)";
				VALID_ARCHS = i386;
				WRAPPER_EXTENSION = app;
			};
			name = Debug;
		};
		2E8ADB7E133F8C2000B3BA55 /* Release */ = {
			isa = XCBuildConfiguration;
			buildSettings = {
				ALWAYS_SEARCH_USER_PATHS = NO;
				ARCHS = "$(ARCHS_STANDARD_32_BIT)";
				COPY_PHASE_STRIP = YES;
				DEBUG_INFORMATION_FORMAT = "dwarf-with-dsym";
				EXCLUDED_RECURSIVE_SEARCH_PATH_SUBDIRECTORIES = "*.nib *.lproj *.framework *.gch (*) CVS .svn .git *.xcodeproj *.xcode *.pbproj *.pbxproj Poco quicktime GL";
				GCC_ENABLE_OBJC_EXCEPTIONS = YES;
				GCC_PRECOMPILE_PREFIX_HEADER = YES;
				GCC_PREFIX_HEADER = "Zajal/Zajal-Prefix.pch";
				GCC_VERSION = com.apple.compilers.llvmgcc42;
				HEADER_SEARCH_PATHS = (
					"../../lib/openframeworks/**",
					"../../lib/ruby/**",
					"../../src/**",
				);
				INFOPLIST_FILE = "Zajal/Zajal-Info.plist";
				LIBRARY_SEARCH_PATHS = (
					"$(inherited)",
					"\"$(SRCROOT)/../../bin\"",
					"\"$(SRCROOT)/../../lib/openframeworks/include/glew/include\"",
					"\"$(SRCROOT)/../../lib/ruby\"",
					"\"$(SRCROOT)/../../lib/openframeworks\"",
				);
				OTHER_CFLAGS = (
					"-DHAVE_STRUCT_TIMESPEC",
					"-DHAVE_STRUCT_TIMEZONE",
					"-DHAVE_SIGNBIT",
					"-DGLEW_STATIC",
				);
				PRODUCT_NAME = "$(TARGET_NAME)";
				VALID_ARCHS = i386;
				WRAPPER_EXTENSION = app;
			};
			name = Release;
		};
/* End XCBuildConfiguration section */

/* Begin XCConfigurationList section */
		2E8ADB58133F8C2000B3BA55 /* Build configuration list for PBXProject "Zajal" */ = {
			isa = XCConfigurationList;
			buildConfigurations = (
				2E8ADB7A133F8C2000B3BA55 /* Debug */,
				2E8ADB7B133F8C2000B3BA55 /* Release */,
			);
			defaultConfigurationIsVisible = 0;
			defaultConfigurationName = Release;
		};
		2E8ADB7C133F8C2000B3BA55 /* Build configuration list for PBXNativeTarget "Zajal" */ = {
			isa = XCConfigurationList;
			buildConfigurations = (
				2E8ADB7D133F8C2000B3BA55 /* Debug */,
				2E8ADB7E133F8C2000B3BA55 /* Release */,
			);
			defaultConfigurationIsVisible = 0;
			defaultConfigurationName = Release;
		};
/* End XCConfigurationList section */
	};
	rootObject = 2E8ADB55133F8C2000B3BA55 /* Project object */;
}
